
Microsoft Visual Studio Solution File, Format Version 12.00
# Visual Studio 14
VisualStudioVersion = 14.0.25420.1
MinimumVisualStudioVersion = 10.0.40219.1
Project("{D954291E-2A0B-460D-934E-DC6B0785DB48}") = "CrossPlatformLogger", "src\CrossPlatformLogger\CrossPlatformLogger.shproj", "{9A33C5DE-ABBA-4E28-9468-68465D9326EA}"
EndProject
Project("{FAE04EC0-301F-11D3-BF4B-00C04F79EFBC}") = "CrossPlatformLogger.Android", "src\CrossPlatformLogger.Android\CrossPlatformLogger.Android.csproj", "{031D30A6-B67C-47BA-9A21-C0477DE003D3}"
EndProject
Project("{FAE04EC0-301F-11D3-BF4B-00C04F79EFBC}") = "CrossPlatformLogger.iOS", "src\CrossPlatformLogger.iOS\CrossPlatformLogger.iOS.csproj", "{7C8DE6C9-18AD-4EAF-B68F-CA52CC42A18E}"
EndProject
Project("{FAE04EC0-301F-11D3-BF4B-00C04F79EFBC}") = "CrossPlatformLogger.UWP", "src\CrossPlatformLogger.UWP\CrossPlatformLogger.UWP.csproj", "{94F9CD7B-2891-4CFC-8451-A6FFD4F2E81F}"
EndProject
Global
	GlobalSection(SharedMSBuildProjectFiles) = preSolution
		src\CrossPlatformLogger\CrossPlatformLogger.projitems*{031d30a6-b67c-47ba-9a21-c0477de003d3}*SharedItemsImports = 4
		src\CrossPlatformLogger\CrossPlatformLogger.projitems*{7c8de6c9-18ad-4eaf-b68f-ca52cc42a18e}*SharedItemsImports = 4
		src\CrossPlatformLogger\CrossPlatformLogger.projitems*{94f9cd7b-2891-4cfc-8451-a6ffd4f2e81f}*SharedItemsImports = 4
		src\CrossPlatformLogger\CrossPlatformLogger.projitems*{9a33c5de-abba-4e28-9468-68465d9326ea}*SharedItemsImports = 13
	EndGlobalSection
	GlobalSection(SolutionConfigurationPlatforms) = preSolution
		Ad-Hoc|Any CPU = Ad-Hoc|Any CPU
		Ad-Hoc|ARM = Ad-Hoc|ARM
		Ad-Hoc|iPhone = Ad-Hoc|iPhone
		Ad-Hoc|iPhoneSimulator = Ad-Hoc|iPhoneSimulator
		Ad-Hoc|x64 = Ad-Hoc|x64
		Ad-Hoc|x86 = Ad-Hoc|x86
		AppStore|Any CPU = AppStore|Any CPU
		AppStore|ARM = AppStore|ARM
		AppStore|iPhone = AppStore|iPhone
		AppStore|iPhoneSimulator = AppStore|iPhoneSimulator
		AppStore|x64 = AppStore|x64
		AppStore|x86 = AppStore|x86
		Debug|Any CPU = Debug|Any CPU
		Debug|ARM = Debug|ARM
		Debug|iPhone = Debug|iPhone
		Debug|iPhoneSimulator = Debug|iPhoneSimulator
		Debug|x64 = Debug|x64
		Debug|x86 = Debug|x86
		Release|Any CPU = Release|Any CPU
		Release|ARM = Release|ARM
		Release|iPhone = Release|iPhone
		Release|iPhoneSimulator = Release|iPhoneSimulator
		Release|x64 = Release|x64
		Release|x86 = Release|x86
	EndGlobalSection
	GlobalSection(ProjectConfigurationPlatforms) = postSolution
		{031D30A6-B67C-47BA-9A21-C0477DE003D3}.Ad-Hoc|Any CPU.ActiveCfg = Release|Any CPU
		{031D30A6-B67C-47BA-9A21-C0477DE003D3}.Ad-Hoc|Any CPU.Build.0 = Release|Any CPU
		{031D30A6-B67C-47BA-9A21-C0477DE003D3}.Ad-Hoc|Any CPU.Deploy.0 = Release|Any CPU
		{031D30A6-B67C-47BA-9A21-C0477DE003D3}.Ad-Hoc|ARM.ActiveCfg = Release|Any CPU
		{031D30A6-B67C-47BA-9A21-C0477DE003D3}.Ad-Hoc|ARM.Build.0 = Release|Any CPU
		{031D30A6-B67C-47BA-9A21-C0477DE003D3}.Ad-Hoc|ARM.Deploy.0 = Release|Any CPU
		{031D30A6-B67C-47BA-9A21-C0477DE003D3}.Ad-Hoc|iPhone.ActiveCfg = Release|Any CPU
		{031D30A6-B67C-47BA-9A21-C0477DE003D3}.Ad-Hoc|iPhone.Build.0 = Release|Any CPU
		{031D30A6-B67C-47BA-9A21-C0477DE003D3}.Ad-Hoc|iPhone.Deploy.0 = Release|Any CPU
		{031D30A6-B67C-47BA-9A21-C0477DE003D3}.Ad-Hoc|iPhoneSimulator.ActiveCfg = Release|Any CPU
		{031D30A6-B67C-47BA-9A21-C0477DE003D3}.Ad-Hoc|iPhoneSimulator.Build.0 = Release|Any CPU
		{031D30A6-B67C-47BA-9A21-C0477DE003D3}.Ad-Hoc|iPhoneSimulator.Deploy.0 = Release|Any CPU
		{031D30A6-B67C-47BA-9A21-C0477DE003D3}.Ad-Hoc|x64.ActiveCfg = Release|Any CPU
		{031D30A6-B67C-47BA-9A21-C0477DE003D3}.Ad-Hoc|x64.Build.0 = Release|Any CPU
		{031D30A6-B67C-47BA-9A21-C0477DE003D3}.Ad-Hoc|x64.Deploy.0 = Release|Any CPU
		{031D30A6-B67C-47BA-9A21-C0477DE003D3}.Ad-Hoc|x86.ActiveCfg = Release|Any CPU
		{031D30A6-B67C-47BA-9A21-C0477DE003D3}.Ad-Hoc|x86.Build.0 = Release|Any CPU
		{031D30A6-B67C-47BA-9A21-C0477DE003D3}.Ad-Hoc|x86.Deploy.0 = Release|Any CPU
		{031D30A6-B67C-47BA-9A21-C0477DE003D3}.AppStore|Any CPU.ActiveCfg = Release|Any CPU
		{031D30A6-B67C-47BA-9A21-C0477DE003D3}.AppStore|Any CPU.Build.0 = Release|Any CPU
		{031D30A6-B67C-47BA-9A21-C0477DE003D3}.AppStore|Any CPU.Deploy.0 = Release|Any CPU
		{031D30A6-B67C-47BA-9A21-C0477DE003D3}.AppStore|ARM.ActiveCfg = Release|Any CPU
		{031D30A6-B67C-47BA-9A21-C0477DE003D3}.AppStore|ARM.Build.0 = Release|Any CPU
		{031D30A6-B67C-47BA-9A21-C0477DE003D3}.AppStore|ARM.Deploy.0 = Release|Any CPU
		{031D30A6-B67C-47BA-9A21-C0477DE003D3}.AppStore|iPhone.ActiveCfg = Release|Any CPU
		{031D30A6-B67C-47BA-9A21-C0477DE003D3}.AppStore|iPhone.Build.0 = Release|Any CPU
		{031D30A6-B67C-47BA-9A21-C0477DE003D3}.AppStore|iPhone.Deploy.0 = Release|Any CPU
		{031D30A6-B67C-47BA-9A21-C0477DE003D3}.AppStore|iPhoneSimulator.ActiveCfg = Release|Any CPU
		{031D30A6-B67C-47BA-9A21-C0477DE003D3}.AppStore|iPhoneSimulator.Build.0 = Release|Any CPU
		{031D30A6-B67C-47BA-9A21-C0477DE003D3}.AppStore|iPhoneSimulator.Deploy.0 = Release|Any CPU
		{031D30A6-B67C-47BA-9A21-C0477DE003D3}.AppStore|x64.ActiveCfg = Release|Any CPU
		{031D30A6-B67C-47BA-9A21-C0477DE003D3}.AppStore|x64.Build.0 = Release|Any CPU
		{031D30A6-B67C-47BA-9A21-C0477DE003D3}.AppStore|x64.Deploy.0 = Release|Any CPU
		{031D30A6-B67C-47BA-9A21-C0477DE003D3}.AppStore|x86.ActiveCfg = Release|Any CPU
		{031D30A6-B67C-47BA-9A21-C0477DE003D3}.AppStore|x86.Build.0 = Release|Any CPU
		{031D30A6-B67C-47BA-9A21-C0477DE003D3}.AppStore|x86.Deploy.0 = Release|Any CPU
		{031D30A6-B67C-47BA-9A21-C0477DE003D3}.Debug|Any CPU.ActiveCfg = Debug|Any CPU
		{031D30A6-B67C-47BA-9A21-C0477DE003D3}.Debug|Any CPU.Build.0 = Debug|Any CPU
		{031D30A6-B67C-47BA-9A21-C0477DE003D3}.Debug|Any CPU.Deploy.0 = Debug|Any CPU
		{031D30A6-B67C-47BA-9A21-C0477DE003D3}.Debug|ARM.ActiveCfg = Debug|Any CPU
		{031D30A6-B67C-47BA-9A21-C0477DE003D3}.Debug|ARM.Build.0 = Debug|Any CPU
		{031D30A6-B67C-47BA-9A21-C0477DE003D3}.Debug|ARM.Deploy.0 = Debug|Any CPU
		{031D30A6-B67C-47BA-9A21-C0477DE003D3}.Debug|iPhone.ActiveCfg = Debug|Any CPU
		{031D30A6-B67C-47BA-9A21-C0477DE003D3}.Debug|iPhone.Build.0 = Debug|Any CPU
		{031D30A6-B67C-47BA-9A21-C0477DE003D3}.Debug|iPhone.Deploy.0 = Debug|Any CPU
		{031D30A6-B67C-47BA-9A21-C0477DE003D3}.Debug|iPhoneSimulator.ActiveCfg = Debug|Any CPU
		{031D30A6-B67C-47BA-9A21-C0477DE003D3}.Debug|iPhoneSimulator.Build.0 = Debug|Any CPU
		{031D30A6-B67C-47BA-9A21-C0477DE003D3}.Debug|iPhoneSimulator.Deploy.0 = Debug|Any CPU
		{031D30A6-B67C-47BA-9A21-C0477DE003D3}.Debug|x64.ActiveCfg = Debug|Any CPU
		{031D30A6-B67C-47BA-9A21-C0477DE003D3}.Debug|x64.Build.0 = Debug|Any CPU
		{031D30A6-B67C-47BA-9A21-C0477DE003D3}.Debug|x64.Deploy.0 = Debug|Any CPU
		{031D30A6-B67C-47BA-9A21-C0477DE003D3}.Debug|x86.ActiveCfg = Debug|Any CPU
		{031D30A6-B67C-47BA-9A21-C0477DE003D3}.Debug|x86.Build.0 = Debug|Any CPU
		{031D30A6-B67C-47BA-9A21-C0477DE003D3}.Debug|x86.Deploy.0 = Debug|Any CPU
		{031D30A6-B67C-47BA-9A21-C0477DE003D3}.Release|Any CPU.ActiveCfg = Release|Any CPU
		{031D30A6-B67C-47BA-9A21-C0477DE003D3}.Release|Any CPU.Build.0 = Release|Any CPU
		{031D30A6-B67C-47BA-9A21-C0477DE003D3}.Release|Any CPU.Deploy.0 = Release|Any CPU
		{031D30A6-B67C-47BA-9A21-C0477DE003D3}.Release|ARM.ActiveCfg = Release|Any CPU
		{031D30A6-B67C-47BA-9A21-C0477DE003D3}.Release|ARM.Build.0 = Release|Any CPU
		{031D30A6-B67C-47BA-9A21-C0477DE003D3}.Release|ARM.Deploy.0 = Release|Any CPU
		{031D30A6-B67C-47BA-9A21-C0477DE003D3}.Release|iPhone.ActiveCfg = Release|Any CPU
		{031D30A6-B67C-47BA-9A21-C0477DE003D3}.Release|iPhone.Build.0 = Release|Any CPU
		{031D30A6-B67C-47BA-9A21-C0477DE003D3}.Release|iPhone.Deploy.0 = Release|Any CPU
		{031D30A6-B67C-47BA-9A21-C0477DE003D3}.Release|iPhoneSimulator.ActiveCfg = Release|Any CPU
		{031D30A6-B67C-47BA-9A21-C0477DE003D3}.Release|iPhoneSimulator.Build.0 = Release|Any CPU
		{031D30A6-B67C-47BA-9A21-C0477DE003D3}.Release|iPhoneSimulator.Deploy.0 = Release|Any CPU
		{031D30A6-B67C-47BA-9A21-C0477DE003D3}.Release|x64.ActiveCfg = Release|Any CPU
		{031D30A6-B67C-47BA-9A21-C0477DE003D3}.Release|x64.Build.0 = Release|Any CPU
		{031D30A6-B67C-47BA-9A21-C0477DE003D3}.Release|x64.Deploy.0 = Release|Any CPU
		{031D30A6-B67C-47BA-9A21-C0477DE003D3}.Release|x86.ActiveCfg = Release|Any CPU
		{031D30A6-B67C-47BA-9A21-C0477DE003D3}.Release|x86.Build.0 = Release|Any CPU
		{031D30A6-B67C-47BA-9A21-C0477DE003D3}.Release|x86.Deploy.0 = Release|Any CPU
		{7C8DE6C9-18AD-4EAF-B68F-CA52CC42A18E}.Ad-Hoc|Any CPU.ActiveCfg = Ad-Hoc|iPhone
		{7C8DE6C9-18AD-4EAF-B68F-CA52CC42A18E}.Ad-Hoc|ARM.ActiveCfg = Ad-Hoc|iPhone
		{7C8DE6C9-18AD-4EAF-B68F-CA52CC42A18E}.Ad-Hoc|iPhone.ActiveCfg = Ad-Hoc|iPhone
		{7C8DE6C9-18AD-4EAF-B68F-CA52CC42A18E}.Ad-Hoc|iPhone.Build.0 = Ad-Hoc|iPhone
		{7C8DE6C9-18AD-4EAF-B68F-CA52CC42A18E}.Ad-Hoc|iPhoneSimulator.ActiveCfg = Ad-Hoc|iPhoneSimulator
		{7C8DE6C9-18AD-4EAF-B68F-CA52CC42A18E}.Ad-Hoc|iPhoneSimulator.Build.0 = Ad-Hoc|iPhoneSimulator
		{7C8DE6C9-18AD-4EAF-B68F-CA52CC42A18E}.Ad-Hoc|x64.ActiveCfg = Ad-Hoc|iPhone
		{7C8DE6C9-18AD-4EAF-B68F-CA52CC42A18E}.Ad-Hoc|x86.ActiveCfg = Ad-Hoc|iPhone
		{7C8DE6C9-18AD-4EAF-B68F-CA52CC42A18E}.AppStore|Any CPU.ActiveCfg = AppStore|iPhone
		{7C8DE6C9-18AD-4EAF-B68F-CA52CC42A18E}.AppStore|ARM.ActiveCfg = AppStore|iPhone
		{7C8DE6C9-18AD-4EAF-B68F-CA52CC42A18E}.AppStore|iPhone.ActiveCfg = AppStore|iPhone
		{7C8DE6C9-18AD-4EAF-B68F-CA52CC42A18E}.AppStore|iPhone.Build.0 = AppStore|iPhone
		{7C8DE6C9-18AD-4EAF-B68F-CA52CC42A18E}.AppStore|iPhoneSimulator.ActiveCfg = AppStore|iPhoneSimulator
		{7C8DE6C9-18AD-4EAF-B68F-CA52CC42A18E}.AppStore|iPhoneSimulator.Build.0 = AppStore|iPhoneSimulator
		{7C8DE6C9-18AD-4EAF-B68F-CA52CC42A18E}.AppStore|x64.ActiveCfg = AppStore|iPhone
		{7C8DE6C9-18AD-4EAF-B68F-CA52CC42A18E}.AppStore|x86.ActiveCfg = AppStore|iPhone
		{7C8DE6C9-18AD-4EAF-B68F-CA52CC42A18E}.Debug|Any CPU.ActiveCfg = Debug|iPhone
		{7C8DE6C9-18AD-4EAF-B68F-CA52CC42A18E}.Debug|ARM.ActiveCfg = Debug|iPhone
		{7C8DE6C9-18AD-4EAF-B68F-CA52CC42A18E}.Debug|iPhone.ActiveCfg = Debug|iPhone
		{7C8DE6C9-18AD-4EAF-B68F-CA52CC42A18E}.Debug|iPhone.Build.0 = Debug|iPhone
		{7C8DE6C9-18AD-4EAF-B68F-CA52CC42A18E}.Debug|iPhoneSimulator.ActiveCfg = Debug|iPhoneSimulator
		{7C8DE6C9-18AD-4EAF-B68F-CA52CC42A18E}.Debug|iPhoneSimulator.Build.0 = Debug|iPhoneSimulator
		{7C8DE6C9-18AD-4EAF-B68F-CA52CC42A18E}.Debug|x64.ActiveCfg = Debug|iPhone
		{7C8DE6C9-18AD-4EAF-B68F-CA52CC42A18E}.Debug|x86.ActiveCfg = Debug|iPhone
		{7C8DE6C9-18AD-4EAF-B68F-CA52CC42A18E}.Release|Any CPU.ActiveCfg = Release|iPhone
		{7C8DE6C9-18AD-4EAF-B68F-CA52CC42A18E}.Release|ARM.ActiveCfg = Release|iPhone
		{7C8DE6C9-18AD-4EAF-B68F-CA52CC42A18E}.Release|iPhone.ActiveCfg = Release|iPhone
		{7C8DE6C9-18AD-4EAF-B68F-CA52CC42A18E}.Release|iPhone.Build.0 = Release|iPhone
		{7C8DE6C9-18AD-4EAF-B68F-CA52CC42A18E}.Release|iPhoneSimulator.ActiveCfg = Release|iPhoneSimulator
		{7C8DE6C9-18AD-4EAF-B68F-CA52CC42A18E}.Release|iPhoneSimulator.Build.0 = Release|iPhoneSimulator
		{7C8DE6C9-18AD-4EAF-B68F-CA52CC42A18E}.Release|x64.ActiveCfg = Release|iPhone
		{7C8DE6C9-18AD-4EAF-B68F-CA52CC42A18E}.Release|x86.ActiveCfg = Release|iPhone
		{94F9CD7B-2891-4CFC-8451-A6FFD4F2E81F}.Ad-Hoc|Any CPU.ActiveCfg = Release|x86
		{94F9CD7B-2891-4CFC-8451-A6FFD4F2E81F}.Ad-Hoc|Any CPU.Build.0 = Release|x86
		{94F9CD7B-2891-4CFC-8451-A6FFD4F2E81F}.Ad-Hoc|Any CPU.Deploy.0 = Release|x86
		{94F9CD7B-2891-4CFC-8451-A6FFD4F2E81F}.Ad-Hoc|ARM.ActiveCfg = Release|ARM
		{94F9CD7B-2891-4CFC-8451-A6FFD4F2E81F}.Ad-Hoc|ARM.Build.0 = Release|ARM
		{94F9CD7B-2891-4CFC-8451-A6FFD4F2E81F}.Ad-Hoc|ARM.Deploy.0 = Release|ARM
		{94F9CD7B-2891-4CFC-8451-A6FFD4F2E81F}.Ad-Hoc|iPhone.ActiveCfg = Release|x86
		{94F9CD7B-2891-4CFC-8451-A6FFD4F2E81F}.Ad-Hoc|iPhone.Build.0 = Release|x86
		{94F9CD7B-2891-4CFC-8451-A6FFD4F2E81F}.Ad-Hoc|iPhone.Deploy.0 = Release|x86
		{94F9CD7B-2891-4CFC-8451-A6FFD4F2E81F}.Ad-Hoc|iPhoneSimulator.ActiveCfg = Release|x86
		{94F9CD7B-2891-4CFC-8451-A6FFD4F2E81F}.Ad-Hoc|iPhoneSimulator.Build.0 = Release|x86
		{94F9CD7B-2891-4CFC-8451-A6FFD4F2E81F}.Ad-Hoc|iPhoneSimulator.Deploy.0 = Release|x86
		{94F9CD7B-2891-4CFC-8451-A6FFD4F2E81F}.Ad-Hoc|x64.ActiveCfg = Release|x64
		{94F9CD7B-2891-4CFC-8451-A6FFD4F2E81F}.Ad-Hoc|x64.Build.0 = Release|x64
		{94F9CD7B-2891-4CFC-8451-A6FFD4F2E81F}.Ad-Hoc|x64.Deploy.0 = Release|x64
		{94F9CD7B-2891-4CFC-8451-A6FFD4F2E81F}.Ad-Hoc|x86.ActiveCfg = Release|x86
		{94F9CD7B-2891-4CFC-8451-A6FFD4F2E81F}.Ad-Hoc|x86.Build.0 = Release|x86
		{94F9CD7B-2891-4CFC-8451-A6FFD4F2E81F}.Ad-Hoc|x86.Deploy.0 = Release|x86
		{94F9CD7B-2891-4CFC-8451-A6FFD4F2E81F}.AppStore|Any CPU.ActiveCfg = Release|x86
		{94F9CD7B-2891-4CFC-8451-A6FFD4F2E81F}.AppStore|Any CPU.Build.0 = Release|x86
		{94F9CD7B-2891-4CFC-8451-A6FFD4F2E81F}.AppStore|Any CPU.Deploy.0 = Release|x86
		{94F9CD7B-2891-4CFC-8451-A6FFD4F2E81F}.AppStore|ARM.ActiveCfg = Release|ARM
		{94F9CD7B-2891-4CFC-8451-A6FFD4F2E81F}.AppStore|ARM.Build.0 = Release|ARM
		{94F9CD7B-2891-4CFC-8451-A6FFD4F2E81F}.AppStore|ARM.Deploy.0 = Release|ARM
		{94F9CD7B-2891-4CFC-8451-A6FFD4F2E81F}.AppStore|iPhone.ActiveCfg = Release|x86
		{94F9CD7B-2891-4CFC-8451-A6FFD4F2E81F}.AppStore|iPhone.Build.0 = Release|x86
		{94F9CD7B-2891-4CFC-8451-A6FFD4F2E81F}.AppStore|iPhone.Deploy.0 = Release|x86
		{94F9CD7B-2891-4CFC-8451-A6FFD4F2E81F}.AppStore|iPhoneSimulator.ActiveCfg = Release|x86
		{94F9CD7B-2891-4CFC-8451-A6FFD4F2E81F}.AppStore|iPhoneSimulator.Build.0 = Release|x86
		{94F9CD7B-2891-4CFC-8451-A6FFD4F2E81F}.AppStore|iPhoneSimulator.Deploy.0 = Release|x86
		{94F9CD7B-2891-4CFC-8451-A6FFD4F2E81F}.AppStore|x64.ActiveCfg = Release|x64
		{94F9CD7B-2891-4CFC-8451-A6FFD4F2E81F}.AppStore|x64.Build.0 = Release|x64
		{94F9CD7B-2891-4CFC-8451-A6FFD4F2E81F}.AppStore|x64.Deploy.0 = Release|x64
		{94F9CD7B-2891-4CFC-8451-A6FFD4F2E81F}.AppStore|x86.ActiveCfg = Release|x86
		{94F9CD7B-2891-4CFC-8451-A6FFD4F2E81F}.AppStore|x86.Build.0 = Release|x86
		{94F9CD7B-2891-4CFC-8451-A6FFD4F2E81F}.AppStore|x86.Deploy.0 = Release|x86
		{94F9CD7B-2891-4CFC-8451-A6FFD4F2E81F}.Debug|Any CPU.ActiveCfg = Debug|x86
		{94F9CD7B-2891-4CFC-8451-A6FFD4F2E81F}.Debug|ARM.ActiveCfg = Debug|ARM
		{94F9CD7B-2891-4CFC-8451-A6FFD4F2E81F}.Debug|ARM.Build.0 = Debug|ARM
		{94F9CD7B-2891-4CFC-8451-A6FFD4F2E81F}.Debug|ARM.Deploy.0 = Debug|ARM
		{94F9CD7B-2891-4CFC-8451-A6FFD4F2E81F}.Debug|iPhone.ActiveCfg = Debug|x86
		{94F9CD7B-2891-4CFC-8451-A6FFD4F2E81F}.Debug|iPhoneSimulator.ActiveCfg = Debug|x86
		{94F9CD7B-2891-4CFC-8451-A6FFD4F2E81F}.Debug|x64.ActiveCfg = Debug|x64
		{94F9CD7B-2891-4CFC-8451-A6FFD4F2E81F}.Debug|x64.Build.0 = Debug|x64
		{94F9CD7B-2891-4CFC-8451-A6FFD4F2E81F}.Debug|x64.Deploy.0 = Debug|x64
		{94F9CD7B-2891-4CFC-8451-A6FFD4F2E81F}.Debug|x86.ActiveCfg = Debug|x86
		{94F9CD7B-2891-4CFC-8451-A6FFD4F2E81F}.Debug|x86.Build.0 = Debug|x86
		{94F9CD7B-2891-4CFC-8451-A6FFD4F2E81F}.Debug|x86.Deploy.0 = Debug|x86
		{94F9CD7B-2891-4CFC-8451-A6FFD4F2E81F}.Release|Any CPU.ActiveCfg = Release|x86
		{94F9CD7B-2891-4CFC-8451-A6FFD4F2E81F}.Release|ARM.ActiveCfg = Release|ARM
		{94F9CD7B-2891-4CFC-8451-A6FFD4F2E81F}.Release|ARM.Build.0 = Release|ARM
		{94F9CD7B-2891-4CFC-8451-A6FFD4F2E81F}.Release|ARM.Deploy.0 = Release|ARM
		{94F9CD7B-2891-4CFC-8451-A6FFD4F2E81F}.Release|iPhone.ActiveCfg = Release|x86
		{94F9CD7B-2891-4CFC-8451-A6FFD4F2E81F}.Release|iPhoneSimulator.ActiveCfg = Release|x86
		{94F9CD7B-2891-4CFC-8451-A6FFD4F2E81F}.Release|x64.ActiveCfg = Release|x64
		{94F9CD7B-2891-4CFC-8451-A6FFD4F2E81F}.Release|x64.Build.0 = Release|x64
		{94F9CD7B-2891-4CFC-8451-A6FFD4F2E81F}.Release|x64.Deploy.0 = Release|x64
		{94F9CD7B-2891-4CFC-8451-A6FFD4F2E81F}.Release|x86.ActiveCfg = Release|x86
		{94F9CD7B-2891-4CFC-8451-A6FFD4F2E81F}.Release|x86.Build.0 = Release|x86
		{94F9CD7B-2891-4CFC-8451-A6FFD4F2E81F}.Release|x86.Deploy.0 = Release|x86
	EndGlobalSection
	GlobalSection(SolutionProperties) = preSolution
		HideSolutionNode = FALSE
	EndGlobalSection
EndGlobal
